
Microsoft Visual Studio Solution File, Format Version 12.00
# Visual Studio Version 17
VisualStudioVersion = 17.13.35828.75 d17.13
MinimumVisualStudioVersion = 10.0.40219.1
Project("{FAE04EC0-301F-11D3-BF4B-00C04F79EFBC}") = "AuthApi", "AuthApi\AuthApi.csproj", "{B4034765-85D0-4C8C-A158-756307180AF2}"
EndProject
Project("{FAE04EC0-301F-11D3-BF4B-00C04F79EFBC}") = "AuthApi.Data", "AuthApi.Data\AuthApi.Data.csproj", "{E7CC76CA-4F8B-49CA-9341-DDE4BB9815CB}"
EndProject
Global
	GlobalSection(SolutionConfigurationPlatforms) = preSolution
		Debug|Any CPU = Debug|Any CPU
		Release|Any CPU = Release|Any CPU
	EndGlobalSection
	GlobalSection(ProjectConfigurationPlatforms) = postSolution
		{B4034765-85D0-4C8C-A158-756307180AF2}.Debug|Any CPU.ActiveCfg = Debug|Any CPU
		{B4034765-85D0-4C8C-A158-756307180AF2}.Debug|Any CPU.Build.0 = Debug|Any CPU
		{B4034765-85D0-4C8C-A158-756307180AF2}.Release|Any CPU.ActiveCfg = Release|Any CPU
		{B4034765-85D0-4C8C-A158-756307180AF2}.Release|Any CPU.Build.0 = Release|Any CPU
		{E7CC76CA-4F8B-49CA-9341-DDE4BB9815CB}.Debug|Any CPU.ActiveCfg = Debug|Any CPU
		{E7CC76CA-4F8B-49CA-9341-DDE4BB9815CB}.Debug|Any CPU.Build.0 = Debug|Any CPU
		{E7CC76CA-4F8B-49CA-9341-DDE4BB9815CB}.Release|Any CPU.ActiveCfg = Release|Any CPU
		{E7CC76CA-4F8B-49CA-9341-DDE4BB9815CB}.Release|Any CPU.Build.0 = Release|Any CPU
	EndGlobalSection
	GlobalSection(SolutionProperties) = preSolution
		HideSolutionNode = FALSE
	EndGlobalSection
	GlobalSection(ExtensibilityGlobals) = postSolution
		SolutionGuid = {020ABF69-12C7-485F-9DAF-0EA1373E67B1}
	EndGlobalSection
EndGlobal
